--- 
specs: 
- rake: 
    version: 0.8.7
- activesupport: 
    version: 2.3.5
- rack: 
    version: 1.0.1
- actionpack: 
    version: 2.3.5
- actionmailer: 
    version: 2.3.5
- activerecord: 
    version: 2.3.5
- activeresource: 
    version: 2.3.5
- factory_girl: 
    version: 1.2.4
- mysql: 
    version: 2.8.1
- rails: 
    version: 2.3.5
- rmagick: 
    version: 2.13.1
- rspec: 
    version: 1.3.0
- rspec-rails: 
    version: 1.3.2
hash: 5d57674ded51d318b54c32f621088edb2efcb4c0
sources: 
- Rubygems: 
    uri: http://gemcutter.org
dependencies: 
  rails: 
    version: = 2.3.5
    group: 
    - :default
  rspec: 
    version: = 1.3.0
    group: 
    - :test
  mysql: 
    version: = 2.8.1
    group: 
    - :default
  rmagick: 
    version: = 2.13.1
    group: 
    - :default
  rspec-rails: 
    version: = 1.3.2
    group: 
    - :test
  factory_girl: 
    version: = 1.2.4
    group: 
    - :test
